
Microsoft Visual Studio Solution File, Format Version 12.00
# Visual Studio Version 17
VisualStudioVersion = 17.14.36408.4
MinimumVisualStudioVersion = 10.0.40219.1
Project("{FAE04EC0-301F-11D3-BF4B-00C04F79EFBC}") = "DarknessBazaar.Web", "DarknessBazaar.Web\DarknessBazaar.Web.csproj", "{1C1A06F0-0499-4A51-AA07-7EE03C111BB6}"
EndProject
Project("{00D1A9C2-B5F0-4AF3-8072-F6C62B433612}") = "DarknessBazaar.DB", "DarknessBazaar.DB\DarknessBazaar.DB\DarknessBazaar.DB.sqlproj", "{8DD54D05-DC6D-4DAC-A570-A93F11EE7977}"
EndProject
Global
	GlobalSection(SolutionConfigurationPlatforms) = preSolution
		Debug|Any CPU = Debug|Any CPU
		Release|Any CPU = Release|Any CPU
	EndGlobalSection
	GlobalSection(ProjectConfigurationPlatforms) = postSolution
		{1C1A06F0-0499-4A51-AA07-7EE03C111BB6}.Debug|Any CPU.ActiveCfg = Debug|Any CPU
		{1C1A06F0-0499-4A51-AA07-7EE03C111BB6}.Debug|Any CPU.Build.0 = Debug|Any CPU
		{1C1A06F0-0499-4A51-AA07-7EE03C111BB6}.Release|Any CPU.ActiveCfg = Release|Any CPU
		{1C1A06F0-0499-4A51-AA07-7EE03C111BB6}.Release|Any CPU.Build.0 = Release|Any CPU
		{8DD54D05-DC6D-4DAC-A570-A93F11EE7977}.Debug|Any CPU.ActiveCfg = Debug|Any CPU
		{8DD54D05-DC6D-4DAC-A570-A93F11EE7977}.Debug|Any CPU.Build.0 = Debug|Any CPU
		{8DD54D05-DC6D-4DAC-A570-A93F11EE7977}.Debug|Any CPU.Deploy.0 = Debug|Any CPU
		{8DD54D05-DC6D-4DAC-A570-A93F11EE7977}.Release|Any CPU.ActiveCfg = Release|Any CPU
		{8DD54D05-DC6D-4DAC-A570-A93F11EE7977}.Release|Any CPU.Build.0 = Release|Any CPU
		{8DD54D05-DC6D-4DAC-A570-A93F11EE7977}.Release|Any CPU.Deploy.0 = Release|Any CPU
	EndGlobalSection
	GlobalSection(SolutionProperties) = preSolution
		HideSolutionNode = FALSE
	EndGlobalSection
	GlobalSection(ExtensibilityGlobals) = postSolution
		SolutionGuid = {515FBBD7-6368-49E5-BBB4-B2FE96C9DD79}
	EndGlobalSection
EndGlobal
